
Microsoft Visual Studio Solution File, Format Version 12.00
# Visual Studio Version 17
VisualStudioVersion = 17.9.34728.123
MinimumVisualStudioVersion = 10.0.40219.1
Project("{FAE04EC0-301F-11D3-BF4B-00C04F79EFBC}") = "UI_Consola", "UI_Consola\UI_Consola.csproj", "{1E2A11B6-726C-44C1-BB95-98F100F89B13}"
EndProject
Project("{FAE04EC0-301F-11D3-BF4B-00C04F79EFBC}") = "DAO", "DAO\DAO.csproj", "{A1A08405-408F-4D4F-B611-7B22BE4F347B}"
EndProject
Project("{FAE04EC0-301F-11D3-BF4B-00C04F79EFBC}") = "Domain", "Domain\Domain.csproj", "{9136AE88-9CBE-4116-94FC-BE2CDDEC4F81}"
EndProject
Project("{FAE04EC0-301F-11D3-BF4B-00C04F79EFBC}") = "Business", "Business\Business.csproj", "{0EDB55BE-C10C-4BFF-812D-C126AD40901A}"
EndProject
Project("{FAE04EC0-301F-11D3-BF4B-00C04F79EFBC}") = "Services", "Services\Services.csproj", "{0DCCB29B-107E-4CAF-B51D-79BF450285E2}"
EndProject
Global
	GlobalSection(SolutionConfigurationPlatforms) = preSolution
		Debug|Any CPU = Debug|Any CPU
		Release|Any CPU = Release|Any CPU
	EndGlobalSection
	GlobalSection(ProjectConfigurationPlatforms) = postSolution
		{1E2A11B6-726C-44C1-BB95-98F100F89B13}.Debug|Any CPU.ActiveCfg = Debug|Any CPU
		{1E2A11B6-726C-44C1-BB95-98F100F89B13}.Debug|Any CPU.Build.0 = Debug|Any CPU
		{1E2A11B6-726C-44C1-BB95-98F100F89B13}.Release|Any CPU.ActiveCfg = Release|Any CPU
		{1E2A11B6-726C-44C1-BB95-98F100F89B13}.Release|Any CPU.Build.0 = Release|Any CPU
		{A1A08405-408F-4D4F-B611-7B22BE4F347B}.Debug|Any CPU.ActiveCfg = Debug|Any CPU
		{A1A08405-408F-4D4F-B611-7B22BE4F347B}.Debug|Any CPU.Build.0 = Debug|Any CPU
		{A1A08405-408F-4D4F-B611-7B22BE4F347B}.Release|Any CPU.ActiveCfg = Release|Any CPU
		{A1A08405-408F-4D4F-B611-7B22BE4F347B}.Release|Any CPU.Build.0 = Release|Any CPU
		{9136AE88-9CBE-4116-94FC-BE2CDDEC4F81}.Debug|Any CPU.ActiveCfg = Debug|Any CPU
		{9136AE88-9CBE-4116-94FC-BE2CDDEC4F81}.Debug|Any CPU.Build.0 = Debug|Any CPU
		{9136AE88-9CBE-4116-94FC-BE2CDDEC4F81}.Release|Any CPU.ActiveCfg = Release|Any CPU
		{9136AE88-9CBE-4116-94FC-BE2CDDEC4F81}.Release|Any CPU.Build.0 = Release|Any CPU
		{0EDB55BE-C10C-4BFF-812D-C126AD40901A}.Debug|Any CPU.ActiveCfg = Debug|Any CPU
		{0EDB55BE-C10C-4BFF-812D-C126AD40901A}.Debug|Any CPU.Build.0 = Debug|Any CPU
		{0EDB55BE-C10C-4BFF-812D-C126AD40901A}.Release|Any CPU.ActiveCfg = Release|Any CPU
		{0EDB55BE-C10C-4BFF-812D-C126AD40901A}.Release|Any CPU.Build.0 = Release|Any CPU
		{0DCCB29B-107E-4CAF-B51D-79BF450285E2}.Debug|Any CPU.ActiveCfg = Debug|Any CPU
		{0DCCB29B-107E-4CAF-B51D-79BF450285E2}.Debug|Any CPU.Build.0 = Debug|Any CPU
		{0DCCB29B-107E-4CAF-B51D-79BF450285E2}.Release|Any CPU.ActiveCfg = Release|Any CPU
		{0DCCB29B-107E-4CAF-B51D-79BF450285E2}.Release|Any CPU.Build.0 = Release|Any CPU
	EndGlobalSection
	GlobalSection(SolutionProperties) = preSolution
		HideSolutionNode = FALSE
	EndGlobalSection
	GlobalSection(ExtensibilityGlobals) = postSolution
		SolutionGuid = {9EC922E4-3504-47AA-BFF7-182EC8E45A70}
	EndGlobalSection
EndGlobal
